<Solution>
  <Folder Name="/decisions/">
    <File Path="decisions/0009-authenticate-using-dsi.md" />
    <File Path="decisions\0000-adr-template.md" />
    <File Path="decisions\0001-record-architecture-decisions.md" />
    <File Path="decisions\0002-use-clean-architecture.md" />
    <File Path="decisions\0003-strip-imported-template-to-minimal-core.md" />
    <File Path="decisions\0004-microsoft-testing-platform-and-ci-reporting.md" />
    <File Path="decisions\0005-format-code-with-csharpier.md" />
    <File Path="decisions\0006-enforce-code-quality-with-roslyn-analysers.md" />
    <File Path="decisions\0007-supporting-sass-within-gds-styles.md" />
    <File Path="decisions\0008-use-feature-structure.md" />
    <File Path="decisions\0010-use-containerisation-to-publish-code.md" />
  </Folder>
  <Folder Name="/docs/">
    <File Path="docs\clean-architecture.md" />
    <File Path="docs\coding-standards.md" />
    <File Path="docs\contributing.md" />
    <File Path="docs\integration-testing.md" />
    <File Path="docs\testing-standards.md" />
  </Folder>
  <Folder Name="/solution/">
    <File Path=".editorconfig" />
    <File Path="Directory.Build.props" />
    <File Path="Directory.Packages.props" />
    <File Path="docker-compose.override.yml" />
    <File Path="docker-compose.yml" />
    <File Path="README.md" />
  </Folder>
  <Folder Name="/src/">
    <Project Path="src\SchoolAccount.Web.Mvc\SchoolAccount.Web.Mvc.csproj" />
    <Project Path="src\SchoolAccount.Application\SchoolAccount.Application.csproj" />
    <Project Path="src\SchoolAccount.Domain\SchoolAccount.Domain.csproj" />
    <Project Path="src\SchoolAccount.Infrastructure\SchoolAccount.Infrastructure.csproj" />
    <Project Path="src\SchoolAccount.SharedKernel\SchoolAccount.SharedKernel.csproj" />
  </Folder>
  <Folder Name="/tests/">
    <Project Path="tests\SchoolAccount.Web.Mvc.UnitTests\SchoolAccount.Web.Mvc.UnitTests.csproj" />
    <Project Path="tests/SchoolAccount.Infrastructure.UnitTests/SchoolAccount.Infrastructure.UnitTests.csproj" />
    <Project Path="tests\SchoolAccount.ApplicationTests\SchoolAccount.ApplicationTests.csproj" />
    <Project Path="tests\SchoolAccount.ArchitectureTests\SchoolAccount.ArchitectureTests.csproj" />
    <Project Path="tests\SchoolAccount.IntegrationTests\SchoolAccount.IntegrationTests.csproj" />
    <Project Path="tests\SchoolAccount.TestCommon\SchoolAccount.TestCommon.csproj" />
  </Folder>
</Solution>
